// !$*UTF8*$!
{
	archiveVersion = 1;
	classes = {
	};
	objectVersion = 50;
	objects = {

/* Begin PBXBuildFile section */
		4B698D84ED91B0629ABF560A /* Pods_GoNoGoTests.framework in Frameworks */ = {isa = PBXBuildFile; fileRef = 9A6E73F01723CC49B205316B /* Pods_GoNoGoTests.framework */; };
		6AEF70F218E68534A6CB2DC6 /* Pods_GoNoGo.framework in Frameworks */ = {isa = PBXBuildFile; fileRef = CD61F3CDFB4F8C7783E5E0D6 /* Pods_GoNoGo.framework */; };
		C05FBF1E2273BCEA005938F9 /* SideMenuViewController.swift in Sources */ = {isa = PBXBuildFile; fileRef = C05FBF1D2273BCEA005938F9 /* SideMenuViewController.swift */; };
		C05FBF212273C91C005938F9 /* Home+Functions.swift in Sources */ = {isa = PBXBuildFile; fileRef = C05FBF202273C91C005938F9 /* Home+Functions.swift */; };
		C05FBF232273C958005938F9 /* Home+UpcomingLaunches.swift in Sources */ = {isa = PBXBuildFile; fileRef = C05FBF222273C958005938F9 /* Home+UpcomingLaunches.swift */; };
		C05FBF252273C9BE005938F9 /* Home+ColectionView.swift in Sources */ = {isa = PBXBuildFile; fileRef = C05FBF242273C9BE005938F9 /* Home+ColectionView.swift */; };
		C05FBF272273CBFB005938F9 /* Home+SideMenu.swift in Sources */ = {isa = PBXBuildFile; fileRef = C05FBF262273CBFB005938F9 /* Home+SideMenu.swift */; };
		C05FBF292273D345005938F9 /* ContainerViewController.swift in Sources */ = {isa = PBXBuildFile; fileRef = C05FBF282273D345005938F9 /* ContainerViewController.swift */; };
		C05FBF2C2273D433005938F9 /* Container+Functions.swift in Sources */ = {isa = PBXBuildFile; fileRef = C05FBF2B2273D433005938F9 /* Container+Functions.swift */; };
		C05FBF2E227617A3005938F9 /* Container+HomeVCDelegate.swift in Sources */ = {isa = PBXBuildFile; fileRef = C05FBF2D227617A3005938F9 /* Container+HomeVCDelegate.swift */; };
		C05FBF3022761EA7005938F9 /* Container+SideMenuVCDelegate.swift in Sources */ = {isa = PBXBuildFile; fileRef = C05FBF2F22761EA7005938F9 /* Container+SideMenuVCDelegate.swift */; };
		C05FBF33227622F0005938F9 /* LocationsViewController.swift in Sources */ = {isa = PBXBuildFile; fileRef = C05FBF32227622F0005938F9 /* LocationsViewController.swift */; };
		C05FBF362276230F005938F9 /* ChecklistViewController.swift in Sources */ = {isa = PBXBuildFile; fileRef = C05FBF352276230F005938F9 /* ChecklistViewController.swift */; };
		C06A622F226E9146003436EC /* GoogleService-Info.plist in Resources */ = {isa = PBXBuildFile; fileRef = C06A622E226E9146003436EC /* GoogleService-Info.plist */; };
		C0FD6BB22252F4B300083D10 /* AppDelegate.swift in Sources */ = {isa = PBXBuildFile; fileRef = C0FD6BB12252F4B300083D10 /* AppDelegate.swift */; };
		C0FD6BB42252F4B300083D10 /* HomeViewController.swift in Sources */ = {isa = PBXBuildFile; fileRef = C0FD6BB32252F4B300083D10 /* HomeViewController.swift */; };
		C0FD6BB72252F4B300083D10 /* Main.storyboard in Resources */ = {isa = PBXBuildFile; fileRef = C0FD6BB52252F4B300083D10 /* Main.storyboard */; };
		C0FD6BBA2252F4B300083D10 /* GoNoGo.xcdatamodeld in Sources */ = {isa = PBXBuildFile; fileRef = C0FD6BB82252F4B300083D10 /* GoNoGo.xcdatamodeld */; };
		C0FD6BBC2252F4B400083D10 /* Assets.xcassets in Resources */ = {isa = PBXBuildFile; fileRef = C0FD6BBB2252F4B400083D10 /* Assets.xcassets */; };
		C0FD6BBF2252F4B400083D10 /* LaunchScreen.storyboard in Resources */ = {isa = PBXBuildFile; fileRef = C0FD6BBD2252F4B400083D10 /* LaunchScreen.storyboard */; };
		C0FD6BCA2252F4B400083D10 /* GoNoGoTests.swift in Sources */ = {isa = PBXBuildFile; fileRef = C0FD6BC92252F4B400083D10 /* GoNoGoTests.swift */; };
		C0FD6BD52252F4B400083D10 /* GoNoGoUITests.swift in Sources */ = {isa = PBXBuildFile; fileRef = C0FD6BD42252F4B400083D10 /* GoNoGoUITests.swift */; };
		C0FD6BE82252F9F500083D10 /* UpcomingLaunchCell.swift in Sources */ = {isa = PBXBuildFile; fileRef = C0FD6BE72252F9F500083D10 /* UpcomingLaunchCell.swift */; };
		C0FD6BEE225301AE00083D10 /* UpcomingLaunchesLayout.swift in Sources */ = {isa = PBXBuildFile; fileRef = C0FD6BED225301AE00083D10 /* UpcomingLaunchesLayout.swift */; };
		C0FD6BF72254583300083D10 /* UpcomingLaunches.swift in Sources */ = {isa = PBXBuildFile; fileRef = C0FD6BF62254583300083D10 /* UpcomingLaunches.swift */; };
		DCC0D1F7EC727C23DAC9BB86 /* Pods_GoNoGoUITests.framework in Frameworks */ = {isa = PBXBuildFile; fileRef = 56E0EA6A31E7026953263DF6 /* Pods_GoNoGoUITests.framework */; };
/* End PBXBuildFile section */

/* Begin PBXContainerItemProxy section */
		C0FD6BC62252F4B400083D10 /* PBXContainerItemProxy */ = {
			isa = PBXContainerItemProxy;
			containerPortal = C0FD6BA62252F4B300083D10 /* Project object */;
			proxyType = 1;
			remoteGlobalIDString = C0FD6BAD2252F4B300083D10;
			remoteInfo = GoNoGo;
		};
		C0FD6BD12252F4B400083D10 /* PBXContainerItemProxy */ = {
			isa = PBXContainerItemProxy;
			containerPortal = C0FD6BA62252F4B300083D10 /* Project object */;
			proxyType = 1;
			remoteGlobalIDString = C0FD6BAD2252F4B300083D10;
			remoteInfo = GoNoGo;
		};
/* End PBXContainerItemProxy section */

/* Begin PBXFileReference section */
		56E0EA6A31E7026953263DF6 /* Pods_GoNoGoUITests.framework */ = {isa = PBXFileReference; explicitFileType = wrapper.framework; includeInIndex = 0; path = Pods_GoNoGoUITests.framework; sourceTree = BUILT_PRODUCTS_DIR; };
		695479F4C329E0E689C2365D /* Pods-GoNoGo.release.xcconfig */ = {isa = PBXFileReference; includeInIndex = 1; lastKnownFileType = text.xcconfig; name = "Pods-GoNoGo.release.xcconfig"; path = "Pods/Target Support Files/Pods-GoNoGo/Pods-GoNoGo.release.xcconfig"; sourceTree = "<group>"; };
		6FA966A631DD00F9EC444FA0 /* Pods-GoNoGo.debug.xcconfig */ = {isa = PBXFileReference; includeInIndex = 1; lastKnownFileType = text.xcconfig; name = "Pods-GoNoGo.debug.xcconfig"; path = "Pods/Target Support Files/Pods-GoNoGo/Pods-GoNoGo.debug.xcconfig"; sourceTree = "<group>"; };
		711BFB616D11640BDA458A90 /* Pods-GoNoGoUITests.release.xcconfig */ = {isa = PBXFileReference; includeInIndex = 1; lastKnownFileType = text.xcconfig; name = "Pods-GoNoGoUITests.release.xcconfig"; path = "Pods/Target Support Files/Pods-GoNoGoUITests/Pods-GoNoGoUITests.release.xcconfig"; sourceTree = "<group>"; };
		78E276FD7D1A5B82F0612FF7 /* Pods-GoNoGoUITests.debug.xcconfig */ = {isa = PBXFileReference; includeInIndex = 1; lastKnownFileType = text.xcconfig; name = "Pods-GoNoGoUITests.debug.xcconfig"; path = "Pods/Target Support Files/Pods-GoNoGoUITests/Pods-GoNoGoUITests.debug.xcconfig"; sourceTree = "<group>"; };
		9A6E73F01723CC49B205316B /* Pods_GoNoGoTests.framework */ = {isa = PBXFileReference; explicitFileType = wrapper.framework; includeInIndex = 0; path = Pods_GoNoGoTests.framework; sourceTree = BUILT_PRODUCTS_DIR; };
		AC950E9006AEC8F9A13B5334 /* Pods-GoNoGoTests.release.xcconfig */ = {isa = PBXFileReference; includeInIndex = 1; lastKnownFileType = text.xcconfig; name = "Pods-GoNoGoTests.release.xcconfig"; path = "Pods/Target Support Files/Pods-GoNoGoTests/Pods-GoNoGoTests.release.xcconfig"; sourceTree = "<group>"; };
		C05FBF1D2273BCEA005938F9 /* SideMenuViewController.swift */ = {isa = PBXFileReference; lastKnownFileType = sourcecode.swift; path = SideMenuViewController.swift; sourceTree = "<group>"; };
		C05FBF202273C91C005938F9 /* Home+Functions.swift */ = {isa = PBXFileReference; lastKnownFileType = sourcecode.swift; path = "Home+Functions.swift"; sourceTree = "<group>"; };
		C05FBF222273C958005938F9 /* Home+UpcomingLaunches.swift */ = {isa = PBXFileReference; lastKnownFileType = sourcecode.swift; path = "Home+UpcomingLaunches.swift"; sourceTree = "<group>"; };
		C05FBF242273C9BE005938F9 /* Home+ColectionView.swift */ = {isa = PBXFileReference; lastKnownFileType = sourcecode.swift; path = "Home+ColectionView.swift"; sourceTree = "<group>"; };
		C05FBF262273CBFB005938F9 /* Home+SideMenu.swift */ = {isa = PBXFileReference; lastKnownFileType = sourcecode.swift; path = "Home+SideMenu.swift"; sourceTree = "<group>"; };
		C05FBF282273D345005938F9 /* ContainerViewController.swift */ = {isa = PBXFileReference; lastKnownFileType = sourcecode.swift; path = ContainerViewController.swift; sourceTree = "<group>"; };
		C05FBF2B2273D433005938F9 /* Container+Functions.swift */ = {isa = PBXFileReference; lastKnownFileType = sourcecode.swift; path = "Container+Functions.swift"; sourceTree = "<group>"; };
		C05FBF2D227617A3005938F9 /* Container+HomeVCDelegate.swift */ = {isa = PBXFileReference; lastKnownFileType = sourcecode.swift; path = "Container+HomeVCDelegate.swift"; sourceTree = "<group>"; };
		C05FBF2F22761EA7005938F9 /* Container+SideMenuVCDelegate.swift */ = {isa = PBXFileReference; lastKnownFileType = sourcecode.swift; path = "Container+SideMenuVCDelegate.swift"; sourceTree = "<group>"; };
		C05FBF32227622F0005938F9 /* LocationsViewController.swift */ = {isa = PBXFileReference; lastKnownFileType = sourcecode.swift; path = LocationsViewController.swift; sourceTree = "<group>"; };
		C05FBF352276230F005938F9 /* ChecklistViewController.swift */ = {isa = PBXFileReference; lastKnownFileType = sourcecode.swift; path = ChecklistViewController.swift; sourceTree = "<group>"; };
		C06A622E226E9146003436EC /* GoogleService-Info.plist */ = {isa = PBXFileReference; fileEncoding = 4; lastKnownFileType = text.plist.xml; path = "GoogleService-Info.plist"; sourceTree = "<group>"; };
		C0FD6BAE2252F4B300083D10 /* GoNoGo.app */ = {isa = PBXFileReference; explicitFileType = wrapper.application; includeInIndex = 0; path = GoNoGo.app; sourceTree = BUILT_PRODUCTS_DIR; };
		C0FD6BB12252F4B300083D10 /* AppDelegate.swift */ = {isa = PBXFileReference; lastKnownFileType = sourcecode.swift; path = AppDelegate.swift; sourceTree = "<group>"; };
		C0FD6BB32252F4B300083D10 /* HomeViewController.swift */ = {isa = PBXFileReference; lastKnownFileType = sourcecode.swift; path = HomeViewController.swift; sourceTree = "<group>"; };
		C0FD6BB62252F4B300083D10 /* Base */ = {isa = PBXFileReference; lastKnownFileType = file.storyboard; name = Base; path = Base.lproj/Main.storyboard; sourceTree = "<group>"; };
		C0FD6BB92252F4B300083D10 /* GoNoGo.xcdatamodel */ = {isa = PBXFileReference; lastKnownFileType = wrapper.xcdatamodel; path = GoNoGo.xcdatamodel; sourceTree = "<group>"; };
		C0FD6BBB2252F4B400083D10 /* Assets.xcassets */ = {isa = PBXFileReference; lastKnownFileType = folder.assetcatalog; path = Assets.xcassets; sourceTree = "<group>"; };
		C0FD6BBE2252F4B400083D10 /* Base */ = {isa = PBXFileReference; lastKnownFileType = file.storyboard; name = Base; path = Base.lproj/LaunchScreen.storyboard; sourceTree = "<group>"; };
		C0FD6BC02252F4B400083D10 /* Info.plist */ = {isa = PBXFileReference; lastKnownFileType = text.plist.xml; path = Info.plist; sourceTree = "<group>"; };
		C0FD6BC52252F4B400083D10 /* GoNoGoTests.xctest */ = {isa = PBXFileReference; explicitFileType = wrapper.cfbundle; includeInIndex = 0; path = GoNoGoTests.xctest; sourceTree = BUILT_PRODUCTS_DIR; };
		C0FD6BC92252F4B400083D10 /* GoNoGoTests.swift */ = {isa = PBXFileReference; lastKnownFileType = sourcecode.swift; path = GoNoGoTests.swift; sourceTree = "<group>"; };
		C0FD6BCB2252F4B400083D10 /* Info.plist */ = {isa = PBXFileReference; lastKnownFileType = text.plist.xml; path = Info.plist; sourceTree = "<group>"; };
		C0FD6BD02252F4B400083D10 /* GoNoGoUITests.xctest */ = {isa = PBXFileReference; explicitFileType = wrapper.cfbundle; includeInIndex = 0; path = GoNoGoUITests.xctest; sourceTree = BUILT_PRODUCTS_DIR; };
		C0FD6BD42252F4B400083D10 /* GoNoGoUITests.swift */ = {isa = PBXFileReference; lastKnownFileType = sourcecode.swift; path = GoNoGoUITests.swift; sourceTree = "<group>"; };
		C0FD6BD62252F4B400083D10 /* Info.plist */ = {isa = PBXFileReference; lastKnownFileType = text.plist.xml; path = Info.plist; sourceTree = "<group>"; };
		C0FD6BE72252F9F500083D10 /* UpcomingLaunchCell.swift */ = {isa = PBXFileReference; lastKnownFileType = sourcecode.swift; path = UpcomingLaunchCell.swift; sourceTree = "<group>"; };
		C0FD6BED225301AE00083D10 /* UpcomingLaunchesLayout.swift */ = {isa = PBXFileReference; lastKnownFileType = sourcecode.swift; path = UpcomingLaunchesLayout.swift; sourceTree = "<group>"; };
		C0FD6BF62254583300083D10 /* UpcomingLaunches.swift */ = {isa = PBXFileReference; lastKnownFileType = sourcecode.swift; path = UpcomingLaunches.swift; sourceTree = "<group>"; };
		CD61F3CDFB4F8C7783E5E0D6 /* Pods_GoNoGo.framework */ = {isa = PBXFileReference; explicitFileType = wrapper.framework; includeInIndex = 0; path = Pods_GoNoGo.framework; sourceTree = BUILT_PRODUCTS_DIR; };
		DD7953BB4054C6D630EBDC5B /* Pods-GoNoGoTests.debug.xcconfig */ = {isa = PBXFileReference; includeInIndex = 1; lastKnownFileType = text.xcconfig; name = "Pods-GoNoGoTests.debug.xcconfig"; path = "Pods/Target Support Files/Pods-GoNoGoTests/Pods-GoNoGoTests.debug.xcconfig"; sourceTree = "<group>"; };
/* End PBXFileReference section */

/* Begin PBXFrameworksBuildPhase section */
		C0FD6BAB2252F4B300083D10 /* Frameworks */ = {
			isa = PBXFrameworksBuildPhase;
			buildActionMask = 2147483647;
			files = (
				6AEF70F218E68534A6CB2DC6 /* Pods_GoNoGo.framework in Frameworks */,
			);
			runOnlyForDeploymentPostprocessing = 0;
		};
		C0FD6BC22252F4B400083D10 /* Frameworks */ = {
			isa = PBXFrameworksBuildPhase;
			buildActionMask = 2147483647;
			files = (
				4B698D84ED91B0629ABF560A /* Pods_GoNoGoTests.framework in Frameworks */,
			);
			runOnlyForDeploymentPostprocessing = 0;
		};
		C0FD6BCD2252F4B400083D10 /* Frameworks */ = {
			isa = PBXFrameworksBuildPhase;
			buildActionMask = 2147483647;
			files = (
				DCC0D1F7EC727C23DAC9BB86 /* Pods_GoNoGoUITests.framework in Frameworks */,
			);
			runOnlyForDeploymentPostprocessing = 0;
		};
/* End PBXFrameworksBuildPhase section */

/* Begin PBXGroup section */
		820BD0BB26FC155121393D50 /* Pods */ = {
			isa = PBXGroup;
			children = (
				6FA966A631DD00F9EC444FA0 /* Pods-GoNoGo.debug.xcconfig */,
				695479F4C329E0E689C2365D /* Pods-GoNoGo.release.xcconfig */,
				DD7953BB4054C6D630EBDC5B /* Pods-GoNoGoTests.debug.xcconfig */,
				AC950E9006AEC8F9A13B5334 /* Pods-GoNoGoTests.release.xcconfig */,
				78E276FD7D1A5B82F0612FF7 /* Pods-GoNoGoUITests.debug.xcconfig */,
				711BFB616D11640BDA458A90 /* Pods-GoNoGoUITests.release.xcconfig */,
			);
			name = Pods;
			sourceTree = "<group>";
		};
		C05FBF1F2273C8FE005938F9 /* HomeViewController_Exts */ = {
			isa = PBXGroup;
			children = (
				C05FBF202273C91C005938F9 /* Home+Functions.swift */,
				C05FBF222273C958005938F9 /* Home+UpcomingLaunches.swift */,
				C05FBF242273C9BE005938F9 /* Home+ColectionView.swift */,
				C05FBF262273CBFB005938F9 /* Home+SideMenu.swift */,
			);
			path = HomeViewController_Exts;
			sourceTree = "<group>";
		};
		C05FBF2A2273D36D005938F9 /* ContainerViewController_Exts */ = {
			isa = PBXGroup;
			children = (
				C05FBF2B2273D433005938F9 /* Container+Functions.swift */,
				C05FBF2D227617A3005938F9 /* Container+HomeVCDelegate.swift */,
				C05FBF2F22761EA7005938F9 /* Container+SideMenuVCDelegate.swift */,
			);
			path = ContainerViewController_Exts;
			sourceTree = "<group>";
		};
		C05FBF31227622C6005938F9 /* SideMenuViewController_Exts */ = {
			isa = PBXGroup;
			children = (
			);
			path = SideMenuViewController_Exts;
			sourceTree = "<group>";
		};
		C05FBF34227622F6005938F9 /* LocationsViewController_Exts */ = {
			isa = PBXGroup;
			children = (
			);
			path = LocationsViewController_Exts;
			sourceTree = "<group>";
		};
		C05FBF3722762317005938F9 /* ChecklistViewController_Exts */ = {
			isa = PBXGroup;
			children = (
			);
			path = ChecklistViewController_Exts;
			sourceTree = "<group>";
		};
		C0FD6BA52252F4B300083D10 = {
			isa = PBXGroup;
			children = (
				C0FD6BB02252F4B300083D10 /* GoNoGo */,
				C0FD6BC82252F4B400083D10 /* GoNoGoTests */,
				C0FD6BD32252F4B400083D10 /* GoNoGoUITests */,
				C0FD6BAF2252F4B300083D10 /* Products */,
				820BD0BB26FC155121393D50 /* Pods */,
				F44F4E388BFF80BF1822FA7F /* Frameworks */,
			);
			sourceTree = "<group>";
		};
		C0FD6BAF2252F4B300083D10 /* Products */ = {
			isa = PBXGroup;
			children = (
				C0FD6BAE2252F4B300083D10 /* GoNoGo.app */,
				C0FD6BC52252F4B400083D10 /* GoNoGoTests.xctest */,
				C0FD6BD02252F4B400083D10 /* GoNoGoUITests.xctest */,
			);
			name = Products;
			sourceTree = "<group>";
		};
		C0FD6BB02252F4B300083D10 /* GoNoGo */ = {
			isa = PBXGroup;
			children = (
				C0FD6BF22254513500083D10 /* Data Models */,
				C0FD6BE42252F6D500083D10 /* Controllers */,
				C0FD6BE62252F9A200083D10 /* Custom Cells */,
				C0FD6BEC2253019C00083D10 /* Layouts */,
				C0FD6BE32252F6C200083D10 /* Storyboards */,
				C0FD6BE22252F66300083D10 /* Assets */,
				C0FD6BE52252F6F100083D10 /* Other */,
			);
			path = GoNoGo;
			sourceTree = "<group>";
		};
		C0FD6BC82252F4B400083D10 /* GoNoGoTests */ = {
			isa = PBXGroup;
			children = (
				C0FD6BC92252F4B400083D10 /* GoNoGoTests.swift */,
				C0FD6BCB2252F4B400083D10 /* Info.plist */,
			);
			path = GoNoGoTests;
			sourceTree = "<group>";
		};
		C0FD6BD32252F4B400083D10 /* GoNoGoUITests */ = {
			isa = PBXGroup;
			children = (
				C0FD6BD42252F4B400083D10 /* GoNoGoUITests.swift */,
				C0FD6BD62252F4B400083D10 /* Info.plist */,
			);
			path = GoNoGoUITests;
			sourceTree = "<group>";
		};
		C0FD6BE22252F66300083D10 /* Assets */ = {
			isa = PBXGroup;
			children = (
				C06A622E226E9146003436EC /* GoogleService-Info.plist */,
				C0FD6BC02252F4B400083D10 /* Info.plist */,
				C0FD6BBB2252F4B400083D10 /* Assets.xcassets */,
			);
			path = Assets;
			sourceTree = "<group>";
		};
		C0FD6BE32252F6C200083D10 /* Storyboards */ = {
			isa = PBXGroup;
			children = (
				C0FD6BBD2252F4B400083D10 /* LaunchScreen.storyboard */,
				C0FD6BB52252F4B300083D10 /* Main.storyboard */,
			);
			path = Storyboards;
			sourceTree = "<group>";
		};
		C0FD6BE42252F6D500083D10 /* Controllers */ = {
			isa = PBXGroup;
			children = (
				C05FBF282273D345005938F9 /* ContainerViewController.swift */,
				C05FBF2A2273D36D005938F9 /* ContainerViewController_Exts */,
				C05FBF1D2273BCEA005938F9 /* SideMenuViewController.swift */,
				C05FBF31227622C6005938F9 /* SideMenuViewController_Exts */,
				C0FD6BB32252F4B300083D10 /* HomeViewController.swift */,
				C05FBF1F2273C8FE005938F9 /* HomeViewController_Exts */,
				C05FBF32227622F0005938F9 /* LocationsViewController.swift */,
				C05FBF34227622F6005938F9 /* LocationsViewController_Exts */,
				C05FBF352276230F005938F9 /* ChecklistViewController.swift */,
				C05FBF3722762317005938F9 /* ChecklistViewController_Exts */,
			);
			path = Controllers;
			sourceTree = "<group>";
		};
		C0FD6BE52252F6F100083D10 /* Other */ = {
			isa = PBXGroup;
			children = (
				C0FD6BB12252F4B300083D10 /* AppDelegate.swift */,
				C0FD6BB82252F4B300083D10 /* GoNoGo.xcdatamodeld */,
			);
			path = Other;
			sourceTree = "<group>";
		};
		C0FD6BE62252F9A200083D10 /* Custom Cells */ = {
			isa = PBXGroup;
			children = (
				C0FD6BE72252F9F500083D10 /* UpcomingLaunchCell.swift */,
			);
			path = "Custom Cells";
			sourceTree = "<group>";
		};
		C0FD6BEC2253019C00083D10 /* Layouts */ = {
			isa = PBXGroup;
			children = (
				C0FD6BED225301AE00083D10 /* UpcomingLaunchesLayout.swift */,
			);
			path = Layouts;
			sourceTree = "<group>";
		};
		C0FD6BF22254513500083D10 /* Data Models */ = {
			isa = PBXGroup;
			children = (
				C0FD6BF32254514400083D10 /* Launches */,
			);
			path = "Data Models";
			sourceTree = "<group>";
		};
		C0FD6BF32254514400083D10 /* Launches */ = {
			isa = PBXGroup;
			children = (
				C0FD6BF62254583300083D10 /* UpcomingLaunches.swift */,
			);
			path = Launches;
			sourceTree = "<group>";
		};
		F44F4E388BFF80BF1822FA7F /* Frameworks */ = {
			isa = PBXGroup;
			children = (
				CD61F3CDFB4F8C7783E5E0D6 /* Pods_GoNoGo.framework */,
				9A6E73F01723CC49B205316B /* Pods_GoNoGoTests.framework */,
				56E0EA6A31E7026953263DF6 /* Pods_GoNoGoUITests.framework */,
			);
			name = Frameworks;
			sourceTree = "<group>";
		};
/* End PBXGroup section */

/* Begin PBXNativeTarget section */
		C0FD6BAD2252F4B300083D10 /* GoNoGo */ = {
			isa = PBXNativeTarget;
			buildConfigurationList = C0FD6BD92252F4B400083D10 /* Build configuration list for PBXNativeTarget "GoNoGo" */;
			buildPhases = (
				4BE23372250E01A8D113FBCA /* [CP] Check Pods Manifest.lock */,
				C0FD6BAA2252F4B300083D10 /* Sources */,
				C0FD6BAB2252F4B300083D10 /* Frameworks */,
				C0FD6BAC2252F4B300083D10 /* Resources */,
				C8F0F56C3F30061BCAEAE5FC /* [CP] Embed Pods Frameworks */,
			);
			buildRules = (
			);
			dependencies = (
			);
			name = GoNoGo;
			productName = GoNoGo;
			productReference = C0FD6BAE2252F4B300083D10 /* GoNoGo.app */;
			productType = "com.apple.product-type.application";
		};
		C0FD6BC42252F4B400083D10 /* GoNoGoTests */ = {
			isa = PBXNativeTarget;
			buildConfigurationList = C0FD6BDC2252F4B400083D10 /* Build configuration list for PBXNativeTarget "GoNoGoTests" */;
			buildPhases = (
				D0E5A866D51FD2583066B491 /* [CP] Check Pods Manifest.lock */,
				C0FD6BC12252F4B400083D10 /* Sources */,
				C0FD6BC22252F4B400083D10 /* Frameworks */,
				C0FD6BC32252F4B400083D10 /* Resources */,
			);
			buildRules = (
			);
			dependencies = (
				C0FD6BC72252F4B400083D10 /* PBXTargetDependency */,
			);
			name = GoNoGoTests;
			productName = GoNoGoTests;
			productReference = C0FD6BC52252F4B400083D10 /* GoNoGoTests.xctest */;
			productType = "com.apple.product-type.bundle.unit-test";
		};
		C0FD6BCF2252F4B400083D10 /* GoNoGoUITests */ = {
			isa = PBXNativeTarget;
			buildConfigurationList = C0FD6BDF2252F4B400083D10 /* Build configuration list for PBXNativeTarget "GoNoGoUITests" */;
			buildPhases = (
				EB295EAFBC3F916B7445BA1E /* [CP] Check Pods Manifest.lock */,
				C0FD6BCC2252F4B400083D10 /* Sources */,
				C0FD6BCD2252F4B400083D10 /* Frameworks */,
				C0FD6BCE2252F4B400083D10 /* Resources */,
			);
			buildRules = (
			);
			dependencies = (
				C0FD6BD22252F4B400083D10 /* PBXTargetDependency */,
			);
			name = GoNoGoUITests;
			productName = GoNoGoUITests;
			productReference = C0FD6BD02252F4B400083D10 /* GoNoGoUITests.xctest */;
			productType = "com.apple.product-type.bundle.ui-testing";
		};
/* End PBXNativeTarget section */

/* Begin PBXProject section */
		C0FD6BA62252F4B300083D10 /* Project object */ = {
			isa = PBXProject;
			attributes = {
				LastSwiftUpdateCheck = 1020;
				LastUpgradeCheck = 1020;
				ORGANIZATIONNAME = "Seth Kurkowski";
				TargetAttributes = {
					C0FD6BAD2252F4B300083D10 = {
						CreatedOnToolsVersion = 10.2;
					};
					C0FD6BC42252F4B400083D10 = {
						CreatedOnToolsVersion = 10.2;
						TestTargetID = C0FD6BAD2252F4B300083D10;
					};
					C0FD6BCF2252F4B400083D10 = {
						CreatedOnToolsVersion = 10.2;
						TestTargetID = C0FD6BAD2252F4B300083D10;
					};
				};
			};
			buildConfigurationList = C0FD6BA92252F4B300083D10 /* Build configuration list for PBXProject "GoNoGo" */;
			compatibilityVersion = "Xcode 9.3";
			developmentRegion = en;
			hasScannedForEncodings = 0;
			knownRegions = (
				en,
				Base,
			);
			mainGroup = C0FD6BA52252F4B300083D10;
			productRefGroup = C0FD6BAF2252F4B300083D10 /* Products */;
			projectDirPath = "";
			projectRoot = "";
			targets = (
				C0FD6BAD2252F4B300083D10 /* GoNoGo */,
				C0FD6BC42252F4B400083D10 /* GoNoGoTests */,
				C0FD6BCF2252F4B400083D10 /* GoNoGoUITests */,
			);
		};
/* End PBXProject section */

/* Begin PBXResourcesBuildPhase section */
		C0FD6BAC2252F4B300083D10 /* Resources */ = {
			isa = PBXResourcesBuildPhase;
			buildActionMask = 2147483647;
			files = (
				C0FD6BBF2252F4B400083D10 /* LaunchScreen.storyboard in Resources */,
				C06A622F226E9146003436EC /* GoogleService-Info.plist in Resources */,
				C0FD6BBC2252F4B400083D10 /* Assets.xcassets in Resources */,
				C0FD6BB72252F4B300083D10 /* Main.storyboard in Resources */,
			);
			runOnlyForDeploymentPostprocessing = 0;
		};
		C0FD6BC32252F4B400083D10 /* Resources */ = {
			isa = PBXResourcesBuildPhase;
			buildActionMask = 2147483647;
			files = (
			);
			runOnlyForDeploymentPostprocessing = 0;
		};
		C0FD6BCE2252F4B400083D10 /* Resources */ = {
			isa = PBXResourcesBuildPhase;
			buildActionMask = 2147483647;
			files = (
			);
			runOnlyForDeploymentPostprocessing = 0;
		};
/* End PBXResourcesBuildPhase section */

/* Begin PBXShellScriptBuildPhase section */
		4BE23372250E01A8D113FBCA /* [CP] Check Pods Manifest.lock */ = {
			isa = PBXShellScriptBuildPhase;
			buildActionMask = 2147483647;
			files = (
			);
			inputPaths = (
				"${PODS_PODFILE_DIR_PATH}/Podfile.lock",
				"${PODS_ROOT}/Manifest.lock",
			);
			name = "[CP] Check Pods Manifest.lock";
			outputPaths = (
				"$(DERIVED_FILE_DIR)/Pods-GoNoGo-checkManifestLockResult.txt",
			);
			runOnlyForDeploymentPostprocessing = 0;
			shellPath = /bin/sh;
			shellScript = "diff \"${PODS_PODFILE_DIR_PATH}/Podfile.lock\" \"${PODS_ROOT}/Manifest.lock\" > /dev/null\nif [ $? != 0 ] ; then\n    # print error to STDERR\n    echo \"error: The sandbox is not in sync with the Podfile.lock. Run 'pod install' or update your CocoaPods installation.\" >&2\n    exit 1\nfi\n# This output is used by Xcode 'outputs' to avoid re-running this script phase.\necho \"SUCCESS\" > \"${SCRIPT_OUTPUT_FILE_0}\"\n";
			showEnvVarsInLog = 0;
		};
		C8F0F56C3F30061BCAEAE5FC /* [CP] Embed Pods Frameworks */ = {
			isa = PBXShellScriptBuildPhase;
			buildActionMask = 2147483647;
			files = (
			);
			inputPaths = (
				"${SRCROOT}/Pods/Target Support Files/Pods-GoNoGo/Pods-GoNoGo-frameworks.sh",
				"${BUILT_PRODUCTS_DIR}/GoogleToolboxForMac/GoogleToolboxForMac.framework",
				"${BUILT_PRODUCTS_DIR}/nanopb/nanopb.framework",
			);
			name = "[CP] Embed Pods Frameworks";
			outputPaths = (
				"${TARGET_BUILD_DIR}/${FRAMEWORKS_FOLDER_PATH}/GoogleToolboxForMac.framework",
				"${TARGET_BUILD_DIR}/${FRAMEWORKS_FOLDER_PATH}/nanopb.framework",
			);
			runOnlyForDeploymentPostprocessing = 0;
			shellPath = /bin/sh;
			shellScript = "\"${SRCROOT}/Pods/Target Support Files/Pods-GoNoGo/Pods-GoNoGo-frameworks.sh\"\n";
			showEnvVarsInLog = 0;
		};
		D0E5A866D51FD2583066B491 /* [CP] Check Pods Manifest.lock */ = {
			isa = PBXShellScriptBuildPhase;
			buildActionMask = 2147483647;
			files = (
			);
			inputPaths = (
				"${PODS_PODFILE_DIR_PATH}/Podfile.lock",
				"${PODS_ROOT}/Manifest.lock",
			);
			name = "[CP] Check Pods Manifest.lock";
			outputPaths = (
				"$(DERIVED_FILE_DIR)/Pods-GoNoGoTests-checkManifestLockResult.txt",
			);
			runOnlyForDeploymentPostprocessing = 0;
			shellPath = /bin/sh;
			shellScript = "diff \"${PODS_PODFILE_DIR_PATH}/Podfile.lock\" \"${PODS_ROOT}/Manifest.lock\" > /dev/null\nif [ $? != 0 ] ; then\n    # print error to STDERR\n    echo \"error: The sandbox is not in sync with the Podfile.lock. Run 'pod install' or update your CocoaPods installation.\" >&2\n    exit 1\nfi\n# This output is used by Xcode 'outputs' to avoid re-running this script phase.\necho \"SUCCESS\" > \"${SCRIPT_OUTPUT_FILE_0}\"\n";
			showEnvVarsInLog = 0;
		};
		EB295EAFBC3F916B7445BA1E /* [CP] Check Pods Manifest.lock */ = {
			isa = PBXShellScriptBuildPhase;
			buildActionMask = 2147483647;
			files = (
			);
			inputPaths = (
				"${PODS_PODFILE_DIR_PATH}/Podfile.lock",
				"${PODS_ROOT}/Manifest.lock",
			);
			name = "[CP] Check Pods Manifest.lock";
			outputPaths = (
				"$(DERIVED_FILE_DIR)/Pods-GoNoGoUITests-checkManifestLockResult.txt",
			);
			runOnlyForDeploymentPostprocessing = 0;
			shellPath = /bin/sh;
			shellScript = "diff \"${PODS_PODFILE_DIR_PATH}/Podfile.lock\" \"${PODS_ROOT}/Manifest.lock\" > /dev/null\nif [ $? != 0 ] ; then\n    # print error to STDERR\n    echo \"error: The sandbox is not in sync with the Podfile.lock. Run 'pod install' or update your CocoaPods installation.\" >&2\n    exit 1\nfi\n# This output is used by Xcode 'outputs' to avoid re-running this script phase.\necho \"SUCCESS\" > \"${SCRIPT_OUTPUT_FILE_0}\"\n";
			showEnvVarsInLog = 0;
		};
/* End PBXShellScriptBuildPhase section */

/* Begin PBXSourcesBuildPhase section */
		C0FD6BAA2252F4B300083D10 /* Sources */ = {
			isa = PBXSourcesBuildPhase;
			buildActionMask = 2147483647;
			files = (
				C0FD6BE82252F9F500083D10 /* UpcomingLaunchCell.swift in Sources */,
				C05FBF252273C9BE005938F9 /* Home+ColectionView.swift in Sources */,
				C0FD6BEE225301AE00083D10 /* UpcomingLaunchesLayout.swift in Sources */,
				C05FBF33227622F0005938F9 /* LocationsViewController.swift in Sources */,
				C0FD6BBA2252F4B300083D10 /* GoNoGo.xcdatamodeld in Sources */,
				C05FBF232273C958005938F9 /* Home+UpcomingLaunches.swift in Sources */,
				C05FBF2C2273D433005938F9 /* Container+Functions.swift in Sources */,
				C05FBF362276230F005938F9 /* ChecklistViewController.swift in Sources */,
				C05FBF212273C91C005938F9 /* Home+Functions.swift in Sources */,
				C0FD6BB42252F4B300083D10 /* HomeViewController.swift in Sources */,
				C05FBF2E227617A3005938F9 /* Container+HomeVCDelegate.swift in Sources */,
				C05FBF1E2273BCEA005938F9 /* SideMenuViewController.swift in Sources */,
				C0FD6BF72254583300083D10 /* UpcomingLaunches.swift in Sources */,
				C0FD6BB22252F4B300083D10 /* AppDelegate.swift in Sources */,
				C05FBF292273D345005938F9 /* ContainerViewController.swift in Sources */,
				C05FBF272273CBFB005938F9 /* Home+SideMenu.swift in Sources */,
				C05FBF3022761EA7005938F9 /* Container+SideMenuVCDelegate.swift in Sources */,
			);
			runOnlyForDeploymentPostprocessing = 0;
		};
		C0FD6BC12252F4B400083D10 /* Sources */ = {
			isa = PBXSourcesBuildPhase;
			buildActionMask = 2147483647;
			files = (
				C0FD6BCA2252F4B400083D10 /* GoNoGoTests.swift in Sources */,
			);
			runOnlyForDeploymentPostprocessing = 0;
		};
		C0FD6BCC2252F4B400083D10 /* Sources */ = {
			isa = PBXSourcesBuildPhase;
			buildActionMask = 2147483647;
			files = (
				C0FD6BD52252F4B400083D10 /* GoNoGoUITests.swift in Sources */,
			);
			runOnlyForDeploymentPostprocessing = 0;
		};
/* End PBXSourcesBuildPhase section */

/* Begin PBXTargetDependency section */
		C0FD6BC72252F4B400083D10 /* PBXTargetDependency */ = {
			isa = PBXTargetDependency;
			target = C0FD6BAD2252F4B300083D10 /* GoNoGo */;
			targetProxy = C0FD6BC62252F4B400083D10 /* PBXContainerItemProxy */;
		};
		C0FD6BD22252F4B400083D10 /* PBXTargetDependency */ = {
			isa = PBXTargetDependency;
			target = C0FD6BAD2252F4B300083D10 /* GoNoGo */;
			targetProxy = C0FD6BD12252F4B400083D10 /* PBXContainerItemProxy */;
		};
/* End PBXTargetDependency section */

/* Begin PBXVariantGroup section */
		C0FD6BB52252F4B300083D10 /* Main.storyboard */ = {
			isa = PBXVariantGroup;
			children = (
				C0FD6BB62252F4B300083D10 /* Base */,
			);
			name = Main.storyboard;
			sourceTree = "<group>";
		};
		C0FD6BBD2252F4B400083D10 /* LaunchScreen.storyboard */ = {
			isa = PBXVariantGroup;
			children = (
				C0FD6BBE2252F4B400083D10 /* Base */,
			);
			name = LaunchScreen.storyboard;
			sourceTree = "<group>";
		};
/* End PBXVariantGroup section */

/* Begin XCBuildConfiguration section */
		C0FD6BD72252F4B400083D10 /* Debug */ = {
			isa = XCBuildConfiguration;
			buildSettings = {
				ALWAYS_SEARCH_USER_PATHS = NO;
				CLANG_ANALYZER_NONNULL = YES;
				CLANG_ANALYZER_NUMBER_OBJECT_CONVERSION = YES_AGGRESSIVE;
				CLANG_CXX_LANGUAGE_STANDARD = "gnu++14";
				CLANG_CXX_LIBRARY = "libc++";
				CLANG_ENABLE_MODULES = YES;
				CLANG_ENABLE_OBJC_ARC = YES;
				CLANG_ENABLE_OBJC_WEAK = YES;
				CLANG_WARN_BLOCK_CAPTURE_AUTORELEASING = YES;
				CLANG_WARN_BOOL_CONVERSION = YES;
				CLANG_WARN_COMMA = YES;
				CLANG_WARN_CONSTANT_CONVERSION = YES;
				CLANG_WARN_DEPRECATED_OBJC_IMPLEMENTATIONS = YES;
				CLANG_WARN_DIRECT_OBJC_ISA_USAGE = YES_ERROR;
				CLANG_WARN_DOCUMENTATION_COMMENTS = YES;
				CLANG_WARN_EMPTY_BODY = YES;
				CLANG_WARN_ENUM_CONVERSION = YES;
				CLANG_WARN_INFINITE_RECURSION = YES;
				CLANG_WARN_INT_CONVERSION = YES;
				CLANG_WARN_NON_LITERAL_NULL_CONVERSION = YES;
				CLANG_WARN_OBJC_IMPLICIT_RETAIN_SELF = YES;
				CLANG_WARN_OBJC_LITERAL_CONVERSION = YES;
				CLANG_WARN_OBJC_ROOT_CLASS = YES_ERROR;
				CLANG_WARN_RANGE_LOOP_ANALYSIS = YES;
				CLANG_WARN_STRICT_PROTOTYPES = YES;
				CLANG_WARN_SUSPICIOUS_MOVE = YES;
				CLANG_WARN_UNGUARDED_AVAILABILITY = YES_AGGRESSIVE;
				CLANG_WARN_UNREACHABLE_CODE = YES;
				CLANG_WARN__DUPLICATE_METHOD_MATCH = YES;
				CODE_SIGN_IDENTITY = "iPhone Developer";
				COPY_PHASE_STRIP = NO;
				DEBUG_INFORMATION_FORMAT = dwarf;
				ENABLE_STRICT_OBJC_MSGSEND = YES;
				ENABLE_TESTABILITY = YES;
				GCC_C_LANGUAGE_STANDARD = gnu11;
				GCC_DYNAMIC_NO_PIC = NO;
				GCC_NO_COMMON_BLOCKS = YES;
				GCC_OPTIMIZATION_LEVEL = 0;
				GCC_PREPROCESSOR_DEFINITIONS = (
					"DEBUG=1",
					"$(inherited)",
				);
				GCC_WARN_64_TO_32_BIT_CONVERSION = YES;
				GCC_WARN_ABOUT_RETURN_TYPE = YES_ERROR;
				GCC_WARN_UNDECLARED_SELECTOR = YES;
				GCC_WARN_UNINITIALIZED_AUTOS = YES_AGGRESSIVE;
				GCC_WARN_UNUSED_FUNCTION = YES;
				GCC_WARN_UNUSED_VARIABLE = YES;
				IPHONEOS_DEPLOYMENT_TARGET = 12.2;
				MTL_ENABLE_DEBUG_INFO = INCLUDE_SOURCE;
				MTL_FAST_MATH = YES;
				ONLY_ACTIVE_ARCH = YES;
				SDKROOT = iphoneos;
				SWIFT_ACTIVE_COMPILATION_CONDITIONS = DEBUG;
				SWIFT_OPTIMIZATION_LEVEL = "-Onone";
			};
			name = Debug;
		};
		C0FD6BD82252F4B400083D10 /* Release */ = {
			isa = XCBuildConfiguration;
			buildSettings = {
				ALWAYS_SEARCH_USER_PATHS = NO;
				CLANG_ANALYZER_NONNULL = YES;
				CLANG_ANALYZER_NUMBER_OBJECT_CONVERSION = YES_AGGRESSIVE;
				CLANG_CXX_LANGUAGE_STANDARD = "gnu++14";
				CLANG_CXX_LIBRARY = "libc++";
				CLANG_ENABLE_MODULES = YES;
				CLANG_ENABLE_OBJC_ARC = YES;
				CLANG_ENABLE_OBJC_WEAK = YES;
				CLANG_WARN_BLOCK_CAPTURE_AUTORELEASING = YES;
				CLANG_WARN_BOOL_CONVERSION = YES;
				CLANG_WARN_COMMA = YES;
				CLANG_WARN_CONSTANT_CONVERSION = YES;
				CLANG_WARN_DEPRECATED_OBJC_IMPLEMENTATIONS = YES;
				CLANG_WARN_DIRECT_OBJC_ISA_USAGE = YES_ERROR;
				CLANG_WARN_DOCUMENTATION_COMMENTS = YES;
				CLANG_WARN_EMPTY_BODY = YES;
				CLANG_WARN_ENUM_CONVERSION = YES;
				CLANG_WARN_INFINITE_RECURSION = YES;
				CLANG_WARN_INT_CONVERSION = YES;
				CLANG_WARN_NON_LITERAL_NULL_CONVERSION = YES;
				CLANG_WARN_OBJC_IMPLICIT_RETAIN_SELF = YES;
				CLANG_WARN_OBJC_LITERAL_CONVERSION = YES;
				CLANG_WARN_OBJC_ROOT_CLASS = YES_ERROR;
				CLANG_WARN_RANGE_LOOP_ANALYSIS = YES;
				CLANG_WARN_STRICT_PROTOTYPES = YES;
				CLANG_WARN_SUSPICIOUS_MOVE = YES;
				CLANG_WARN_UNGUARDED_AVAILABILITY = YES_AGGRESSIVE;
				CLANG_WARN_UNREACHABLE_CODE = YES;
				CLANG_WARN__DUPLICATE_METHOD_MATCH = YES;
				CODE_SIGN_IDENTITY = "iPhone Developer";
				COPY_PHASE_STRIP = NO;
				DEBUG_INFORMATION_FORMAT = "dwarf-with-dsym";
				ENABLE_NS_ASSERTIONS = NO;
				ENABLE_STRICT_OBJC_MSGSEND = YES;
				GCC_C_LANGUAGE_STANDARD = gnu11;
				GCC_NO_COMMON_BLOCKS = YES;
				GCC_WARN_64_TO_32_BIT_CONVERSION = YES;
				GCC_WARN_ABOUT_RETURN_TYPE = YES_ERROR;
				GCC_WARN_UNDECLARED_SELECTOR = YES;
				GCC_WARN_UNINITIALIZED_AUTOS = YES_AGGRESSIVE;
				GCC_WARN_UNUSED_FUNCTION = YES;
				GCC_WARN_UNUSED_VARIABLE = YES;
				IPHONEOS_DEPLOYMENT_TARGET = 12.2;
				MTL_ENABLE_DEBUG_INFO = NO;
				MTL_FAST_MATH = YES;
				SDKROOT = iphoneos;
				SWIFT_COMPILATION_MODE = wholemodule;
				SWIFT_OPTIMIZATION_LEVEL = "-O";
				VALIDATE_PRODUCT = YES;
			};
			name = Release;
		};
		C0FD6BDA2252F4B400083D10 /* Debug */ = {
			isa = XCBuildConfiguration;
			baseConfigurationReference = 6FA966A631DD00F9EC444FA0 /* Pods-GoNoGo.debug.xcconfig */;
			buildSettings = {
				ASSETCATALOG_COMPILER_APPICON_NAME = AppIcon;
				CODE_SIGN_STYLE = Automatic;
				DEVELOPMENT_TEAM = ZL2U9TNTMV;
				INFOPLIST_FILE = GoNoGo/Assets/Info.plist;
				IPHONEOS_DEPLOYMENT_TARGET = 12.0;
				LD_RUNPATH_SEARCH_PATHS = "$(inherited) @executable_path/Frameworks";
				PRODUCT_BUNDLE_IDENTIFIER = com.sethkurkowski.StarStuff;
				PRODUCT_NAME = "$(TARGET_NAME)";
				SWIFT_VERSION = 5.0;
				TARGETED_DEVICE_FAMILY = "1,2";
			};
			name = Debug;
		};
		C0FD6BDB2252F4B400083D10 /* Release */ = {
			isa = XCBuildConfiguration;
			baseConfigurationReference = 695479F4C329E0E689C2365D /* Pods-GoNoGo.release.xcconfig */;
			buildSettings = {
				ASSETCATALOG_COMPILER_APPICON_NAME = AppIcon;
				CODE_SIGN_STYLE = Automatic;
				DEVELOPMENT_TEAM = ZL2U9TNTMV;
				INFOPLIST_FILE = GoNoGo/Assets/Info.plist;
				IPHONEOS_DEPLOYMENT_TARGET = 12.0;
				LD_RUNPATH_SEARCH_PATHS = "$(inherited) @executable_path/Frameworks";
				PRODUCT_BUNDLE_IDENTIFIER = com.sethkurkowski.StarStuff;
				PRODUCT_NAME = "$(TARGET_NAME)";
				SWIFT_VERSION = 5.0;
				TARGETED_DEVICE_FAMILY = "1,2";
			};
			name = Release;
		};
		C0FD6BDD2252F4B400083D10 /* Debug */ = {
			isa = XCBuildConfiguration;
			baseConfigurationReference = DD7953BB4054C6D630EBDC5B /* Pods-GoNoGoTests.debug.xcconfig */;
			buildSettings = {
				ALWAYS_EMBED_SWIFT_STANDARD_LIBRARIES = YES;
				BUNDLE_LOADER = "$(TEST_HOST)";
				CODE_SIGN_STYLE = Automatic;
				DEVELOPMENT_TEAM = ZL2U9TNTMV;
				INFOPLIST_FILE = GoNoGoTests/Info.plist;
				LD_RUNPATH_SEARCH_PATHS = "$(inherited) @executable_path/Frameworks @loader_path/Frameworks";
				PRODUCT_BUNDLE_IDENTIFIER = com.sethkurkowski.GoNoGoTests;
				PRODUCT_NAME = "$(TARGET_NAME)";
				SWIFT_VERSION = 5.0;
				TARGETED_DEVICE_FAMILY = "1,2";
				TEST_HOST = "$(BUILT_PRODUCTS_DIR)/GoNoGo.app/GoNoGo";
			};
			name = Debug;
		};
		C0FD6BDE2252F4B400083D10 /* Release */ = {
			isa = XCBuildConfiguration;
			baseConfigurationReference = AC950E9006AEC8F9A13B5334 /* Pods-GoNoGoTests.release.xcconfig */;
			buildSettings = {
				ALWAYS_EMBED_SWIFT_STANDARD_LIBRARIES = YES;
				BUNDLE_LOADER = "$(TEST_HOST)";
				CODE_SIGN_STYLE = Automatic;
				DEVELOPMENT_TEAM = ZL2U9TNTMV;
				INFOPLIST_FILE = GoNoGoTests/Info.plist;
				LD_RUNPATH_SEARCH_PATHS = "$(inherited) @executable_path/Frameworks @loader_path/Frameworks";
				PRODUCT_BUNDLE_IDENTIFIER = com.sethkurkowski.GoNoGoTests;
				PRODUCT_NAME = "$(TARGET_NAME)";
				SWIFT_VERSION = 5.0;
				TARGETED_DEVICE_FAMILY = "1,2";
				TEST_HOST = "$(BUILT_PRODUCTS_DIR)/GoNoGo.app/GoNoGo";
			};
			name = Release;
		};
		C0FD6BE02252F4B400083D10 /* Debug */ = {
			isa = XCBuildConfiguration;
			baseConfigurationReference = 78E276FD7D1A5B82F0612FF7 /* Pods-GoNoGoUITests.debug.xcconfig */;
			buildSettings = {
				ALWAYS_EMBED_SWIFT_STANDARD_LIBRARIES = YES;
				CODE_SIGN_STYLE = Automatic;
				DEVELOPMENT_TEAM = ZL2U9TNTMV;
				INFOPLIST_FILE = GoNoGoUITests/Info.plist;
				LD_RUNPATH_SEARCH_PATHS = "$(inherited) @executable_path/Frameworks @loader_path/Frameworks";
				PRODUCT_BUNDLE_IDENTIFIER = com.sethkurkowski.GoNoGoUITests;
				PRODUCT_NAME = "$(TARGET_NAME)";
				SWIFT_VERSION = 5.0;
				TARGETED_DEVICE_FAMILY = "1,2";
				TEST_TARGET_NAME = GoNoGo;
			};
			name = Debug;
		};
		C0FD6BE12252F4B400083D10 /* Release */ = {
			isa = XCBuildConfiguration;
			baseConfigurationReference = 711BFB616D11640BDA458A90 /* Pods-GoNoGoUITests.release.xcconfig */;
			buildSettings = {
				ALWAYS_EMBED_SWIFT_STANDARD_LIBRARIES = YES;
				CODE_SIGN_STYLE = Automatic;
				DEVELOPMENT_TEAM = ZL2U9TNTMV;
				INFOPLIST_FILE = GoNoGoUITests/Info.plist;
				LD_RUNPATH_SEARCH_PATHS = "$(inherited) @executable_path/Frameworks @loader_path/Frameworks";
				PRODUCT_BUNDLE_IDENTIFIER = com.sethkurkowski.GoNoGoUITests;
				PRODUCT_NAME = "$(TARGET_NAME)";
				SWIFT_VERSION = 5.0;
				TARGETED_DEVICE_FAMILY = "1,2";
				TEST_TARGET_NAME = GoNoGo;
			};
			name = Release;
		};
/* End XCBuildConfiguration section */

/* Begin XCConfigurationList section */
		C0FD6BA92252F4B300083D10 /* Build configuration list for PBXProject "GoNoGo" */ = {
			isa = XCConfigurationList;
			buildConfigurations = (
				C0FD6BD72252F4B400083D10 /* Debug */,
				C0FD6BD82252F4B400083D10 /* Release */,
			);
			defaultConfigurationIsVisible = 0;
			defaultConfigurationName = Release;
		};
		C0FD6BD92252F4B400083D10 /* Build configuration list for PBXNativeTarget "GoNoGo" */ = {
			isa = XCConfigurationList;
			buildConfigurations = (
				C0FD6BDA2252F4B400083D10 /* Debug */,
				C0FD6BDB2252F4B400083D10 /* Release */,
			);
			defaultConfigurationIsVisible = 0;
			defaultConfigurationName = Release;
		};
		C0FD6BDC2252F4B400083D10 /* Build configuration list for PBXNativeTarget "GoNoGoTests" */ = {
			isa = XCConfigurationList;
			buildConfigurations = (
				C0FD6BDD2252F4B400083D10 /* Debug */,
				C0FD6BDE2252F4B400083D10 /* Release */,
			);
			defaultConfigurationIsVisible = 0;
			defaultConfigurationName = Release;
		};
		C0FD6BDF2252F4B400083D10 /* Build configuration list for PBXNativeTarget "GoNoGoUITests" */ = {
			isa = XCConfigurationList;
			buildConfigurations = (
				C0FD6BE02252F4B400083D10 /* Debug */,
				C0FD6BE12252F4B400083D10 /* Release */,
			);
			defaultConfigurationIsVisible = 0;
			defaultConfigurationName = Release;
		};
/* End XCConfigurationList section */

/* Begin XCVersionGroup section */
		C0FD6BB82252F4B300083D10 /* GoNoGo.xcdatamodeld */ = {
			isa = XCVersionGroup;
			children = (
				C0FD6BB92252F4B300083D10 /* GoNoGo.xcdatamodel */,
			);
			currentVersion = C0FD6BB92252F4B300083D10 /* GoNoGo.xcdatamodel */;
			path = GoNoGo.xcdatamodeld;
			sourceTree = "<group>";
			versionGroupType = wrapper.xcdatamodel;
		};
/* End XCVersionGroup section */
	};
	rootObject = C0FD6BA62252F4B300083D10 /* Project object */;
}
